
Microsoft Visual Studio Solution File, Format Version 12.00
# Visual Studio Version 17
VisualStudioVersion = 17.3.32922.545
MinimumVisualStudioVersion = 10.0.40219.1
Project("{FAE04EC0-301F-11D3-BF4B-00C04F79EFBC}") = "Daniel Read CO3 Project", "Daniel Read CO3 Project\Daniel Read CO3 Project.csproj", "{866F7F83-2DB7-4299-9B9E-D477DDF74F0E}"
EndProject
Global
	GlobalSection(SolutionConfigurationPlatforms) = preSolution
		Debug|Any CPU = Debug|Any CPU
		Release|Any CPU = Release|Any CPU
	EndGlobalSection
	GlobalSection(ProjectConfigurationPlatforms) = postSolution
		{866F7F83-2DB7-4299-9B9E-D477DDF74F0E}.Debug|Any CPU.ActiveCfg = Debug|Any CPU
		{866F7F83-2DB7-4299-9B9E-D477DDF74F0E}.Debug|Any CPU.Build.0 = Debug|Any CPU
		{866F7F83-2DB7-4299-9B9E-D477DDF74F0E}.Release|Any CPU.ActiveCfg = Release|Any CPU
		{866F7F83-2DB7-4299-9B9E-D477DDF74F0E}.Release|Any CPU.Build.0 = Release|Any CPU
	EndGlobalSection
	GlobalSection(SolutionProperties) = preSolution
		HideSolutionNode = FALSE
	EndGlobalSection
	GlobalSection(ExtensibilityGlobals) = postSolution
		SolutionGuid = {7D4F3983-311E-4646-A179-AB3876003C8E}
	EndGlobalSection
EndGlobal
